
Microsoft Visual Studio Solution File, Format Version 12.00
# Visual Studio Version 17
VisualStudioVersion = 17.14.36915.13
MinimumVisualStudioVersion = 10.0.40219.1
Project("{FAE04EC0-301F-11D3-BF4B-00C04F79EFBC}") = "Learning-C-Sharp", "Learning-C-Sharp.csproj", "{AAA46D82-B9AF-406E-96E2-BA402FF04C8D}"
EndProject
Project("{FAE04EC0-301F-11D3-BF4B-00C04F79EFBC}") = "Basisprogrammering-01-Greenopgave-Gæt_et_ord_Mini-hangman", "..\Basisprogrammering-01-Greenopgave-Gæt_et_ord_Mini-hangman\Basisprogrammering-01-Greenopgave-Gæt_et_ord_Mini-hangman.csproj", "{277ABA44-DA76-45F0-AA81-2CF69E33ECAB}"
EndProject
Global
	GlobalSection(SolutionConfigurationPlatforms) = preSolution
		Debug|Any CPU = Debug|Any CPU
		Release|Any CPU = Release|Any CPU
	EndGlobalSection
	GlobalSection(ProjectConfigurationPlatforms) = postSolution
		{AAA46D82-B9AF-406E-96E2-BA402FF04C8D}.Debug|Any CPU.ActiveCfg = Debug|Any CPU
		{AAA46D82-B9AF-406E-96E2-BA402FF04C8D}.Debug|Any CPU.Build.0 = Debug|Any CPU
		{AAA46D82-B9AF-406E-96E2-BA402FF04C8D}.Release|Any CPU.ActiveCfg = Release|Any CPU
		{AAA46D82-B9AF-406E-96E2-BA402FF04C8D}.Release|Any CPU.Build.0 = Release|Any CPU
		{277ABA44-DA76-45F0-AA81-2CF69E33ECAB}.Debug|Any CPU.ActiveCfg = Debug|Any CPU
		{277ABA44-DA76-45F0-AA81-2CF69E33ECAB}.Debug|Any CPU.Build.0 = Debug|Any CPU
		{277ABA44-DA76-45F0-AA81-2CF69E33ECAB}.Release|Any CPU.ActiveCfg = Release|Any CPU
		{277ABA44-DA76-45F0-AA81-2CF69E33ECAB}.Release|Any CPU.Build.0 = Release|Any CPU
	EndGlobalSection
	GlobalSection(SolutionProperties) = preSolution
		HideSolutionNode = FALSE
	EndGlobalSection
	GlobalSection(ExtensibilityGlobals) = postSolution
		SolutionGuid = {2456076E-B794-4502-8E6A-103849094089}
	EndGlobalSection
EndGlobal
